// !$*UTF8*$!
{
	archiveVersion = 1;
	classes = {
	};
	objectVersion = 56;
	objects = {

/* Begin PBXBuildFile section */
		6536F1F42A65D3480010255B /* NetworkService.swift in Sources */ = {isa = PBXBuildFile; fileRef = 6536F1F32A65D3480010255B /* NetworkService.swift */; };
		65A6BEA72A60598400D2FB79 /* AppDelegate.swift in Sources */ = {isa = PBXBuildFile; fileRef = 65A6BEA62A60598400D2FB79 /* AppDelegate.swift */; };
		65A6BEA92A60598400D2FB79 /* SceneDelegate.swift in Sources */ = {isa = PBXBuildFile; fileRef = 65A6BEA82A60598400D2FB79 /* SceneDelegate.swift */; };
		65A6BEAB2A60598400D2FB79 /* HomeVC.swift in Sources */ = {isa = PBXBuildFile; fileRef = 65A6BEAA2A60598400D2FB79 /* HomeVC.swift */; };
		65A6BEB02A60598A00D2FB79 /* Assets.xcassets in Resources */ = {isa = PBXBuildFile; fileRef = 65A6BEAF2A60598A00D2FB79 /* Assets.xcassets */; };
		65A6BEB32A60598A00D2FB79 /* LaunchScreen.storyboard in Resources */ = {isa = PBXBuildFile; fileRef = 65A6BEB12A60598A00D2FB79 /* LaunchScreen.storyboard */; };
		65A6BEBB2A605A6C00D2FB79 /* LoadingVC.swift in Sources */ = {isa = PBXBuildFile; fileRef = 65A6BEBA2A605A6C00D2FB79 /* LoadingVC.swift */; };
		65A6BEBD2A605B0B00D2FB79 /* TabBarVC.swift in Sources */ = {isa = PBXBuildFile; fileRef = 65A6BEBC2A605B0B00D2FB79 /* TabBarVC.swift */; };
		65A6BEBF2A605BB600D2FB79 /* SendVC.swift in Sources */ = {isa = PBXBuildFile; fileRef = 65A6BEBE2A605BB600D2FB79 /* SendVC.swift */; };
		65A6BEC12A605BC700D2FB79 /* HistoryVC.swift in Sources */ = {isa = PBXBuildFile; fileRef = 65A6BEC02A605BC700D2FB79 /* HistoryVC.swift */; };
		65A6BEC32A605BD200D2FB79 /* ScheduleVC.swift in Sources */ = {isa = PBXBuildFile; fileRef = 65A6BEC22A605BD200D2FB79 /* ScheduleVC.swift */; };
		65A6BEC72A605C3F00D2FB79 /* Helpers.swift in Sources */ = {isa = PBXBuildFile; fileRef = 65A6BEC62A605C3F00D2FB79 /* Helpers.swift */; };
		65A6BEC92A605EA400D2FB79 /* Data.swift in Sources */ = {isa = PBXBuildFile; fileRef = 65A6BEC82A605EA400D2FB79 /* Data.swift */; };
		65A6BECD2A60625F00D2FB79 /* TransactionCell.swift in Sources */ = {isa = PBXBuildFile; fileRef = 65A6BECC2A60625F00D2FB79 /* TransactionCell.swift */; };
		65F77C7E2A60754100663218 /* UIColor+Ext.swift in Sources */ = {isa = PBXBuildFile; fileRef = 65F77C7D2A60754100663218 /* UIColor+Ext.swift */; };
		65F77C802A60773B00663218 /* StatusView.swift in Sources */ = {isa = PBXBuildFile; fileRef = 65F77C7F2A60773B00663218 /* StatusView.swift */; };
/* End PBXBuildFile section */

/* Begin PBXFileReference section */
		6536F1F32A65D3480010255B /* NetworkService.swift */ = {isa = PBXFileReference; lastKnownFileType = sourcecode.swift; path = NetworkService.swift; sourceTree = "<group>"; };
		65A6BEA32A60598400D2FB79 /* hubtel-coding-challenge-repo.app */ = {isa = PBXFileReference; explicitFileType = wrapper.application; includeInIndex = 0; path = "hubtel-coding-challenge-repo.app"; sourceTree = BUILT_PRODUCTS_DIR; };
		65A6BEA62A60598400D2FB79 /* AppDelegate.swift */ = {isa = PBXFileReference; lastKnownFileType = sourcecode.swift; path = AppDelegate.swift; sourceTree = "<group>"; };
		65A6BEA82A60598400D2FB79 /* SceneDelegate.swift */ = {isa = PBXFileReference; lastKnownFileType = sourcecode.swift; path = SceneDelegate.swift; sourceTree = "<group>"; };
		65A6BEAA2A60598400D2FB79 /* HomeVC.swift */ = {isa = PBXFileReference; lastKnownFileType = sourcecode.swift; path = HomeVC.swift; sourceTree = "<group>"; };
		65A6BEAF2A60598A00D2FB79 /* Assets.xcassets */ = {isa = PBXFileReference; lastKnownFileType = folder.assetcatalog; path = Assets.xcassets; sourceTree = "<group>"; };
		65A6BEB22A60598A00D2FB79 /* Base */ = {isa = PBXFileReference; lastKnownFileType = file.storyboard; name = Base; path = Base.lproj/LaunchScreen.storyboard; sourceTree = "<group>"; };
		65A6BEB42A60598A00D2FB79 /* Info.plist */ = {isa = PBXFileReference; lastKnownFileType = text.plist.xml; path = Info.plist; sourceTree = "<group>"; };
		65A6BEBA2A605A6C00D2FB79 /* LoadingVC.swift */ = {isa = PBXFileReference; lastKnownFileType = sourcecode.swift; path = LoadingVC.swift; sourceTree = "<group>"; };
		65A6BEBC2A605B0B00D2FB79 /* TabBarVC.swift */ = {isa = PBXFileReference; lastKnownFileType = sourcecode.swift; path = TabBarVC.swift; sourceTree = "<group>"; };
		65A6BEBE2A605BB600D2FB79 /* SendVC.swift */ = {isa = PBXFileReference; lastKnownFileType = sourcecode.swift; path = SendVC.swift; sourceTree = "<group>"; };
		65A6BEC02A605BC700D2FB79 /* HistoryVC.swift */ = {isa = PBXFileReference; lastKnownFileType = sourcecode.swift; path = HistoryVC.swift; sourceTree = "<group>"; };
		65A6BEC22A605BD200D2FB79 /* ScheduleVC.swift */ = {isa = PBXFileReference; lastKnownFileType = sourcecode.swift; path = ScheduleVC.swift; sourceTree = "<group>"; };
		65A6BEC62A605C3F00D2FB79 /* Helpers.swift */ = {isa = PBXFileReference; lastKnownFileType = sourcecode.swift; path = Helpers.swift; sourceTree = "<group>"; };
		65A6BEC82A605EA400D2FB79 /* Data.swift */ = {isa = PBXFileReference; lastKnownFileType = sourcecode.swift; path = Data.swift; sourceTree = "<group>"; };
		65A6BECC2A60625F00D2FB79 /* TransactionCell.swift */ = {isa = PBXFileReference; lastKnownFileType = sourcecode.swift; path = TransactionCell.swift; sourceTree = "<group>"; };
		65F77C7D2A60754100663218 /* UIColor+Ext.swift */ = {isa = PBXFileReference; lastKnownFileType = sourcecode.swift; path = "UIColor+Ext.swift"; sourceTree = "<group>"; };
		65F77C7F2A60773B00663218 /* StatusView.swift */ = {isa = PBXFileReference; lastKnownFileType = sourcecode.swift; path = StatusView.swift; sourceTree = "<group>"; };
/* End PBXFileReference section */

/* Begin PBXFrameworksBuildPhase section */
		65A6BEA02A60598400D2FB79 /* Frameworks */ = {
			isa = PBXFrameworksBuildPhase;
			buildActionMask = 2147483647;
			files = (
			);
			runOnlyForDeploymentPostprocessing = 0;
		};
/* End PBXFrameworksBuildPhase section */

/* Begin PBXGroup section */
		6536F1F22A65D32A0010255B /* APIClient */ = {
			isa = PBXGroup;
			children = (
				6536F1F32A65D3480010255B /* NetworkService.swift */,
			);
			path = APIClient;
			sourceTree = "<group>";
		};
		65A6BE9A2A60598400D2FB79 = {
			isa = PBXGroup;
			children = (
				65A6BEA52A60598400D2FB79 /* hubtel-coding-challenge-repo */,
				65A6BEA42A60598400D2FB79 /* Products */,
			);
			sourceTree = "<group>";
		};
		65A6BEA42A60598400D2FB79 /* Products */ = {
			isa = PBXGroup;
			children = (
				65A6BEA32A60598400D2FB79 /* hubtel-coding-challenge-repo.app */,
			);
			name = Products;
			sourceTree = "<group>";
		};
		65A6BEA52A60598400D2FB79 /* hubtel-coding-challenge-repo */ = {
			isa = PBXGroup;
			children = (
				6536F1F22A65D32A0010255B /* APIClient */,
				65F77C7C2A60753000663218 /* Extensions */,
				65A6BECB2A60609800D2FB79 /* Views */,
				65A6BECA2A60609300D2FB79 /* Cells */,
				65A6BEC52A605C3100D2FB79 /* Helpers */,
				65A6BEC42A605BE100D2FB79 /* Controllers */,
				65A6BEA62A60598400D2FB79 /* AppDelegate.swift */,
				65A6BEA82A60598400D2FB79 /* SceneDelegate.swift */,
				65A6BEAF2A60598A00D2FB79 /* Assets.xcassets */,
				65A6BEB12A60598A00D2FB79 /* LaunchScreen.storyboard */,
				65A6BEB42A60598A00D2FB79 /* Info.plist */,
				65A6BEC82A605EA400D2FB79 /* Data.swift */,
			);
			path = "hubtel-coding-challenge-repo";
			sourceTree = "<group>";
		};
		65A6BEC42A605BE100D2FB79 /* Controllers */ = {
			isa = PBXGroup;
			children = (
				65A6BEBA2A605A6C00D2FB79 /* LoadingVC.swift */,
				65A6BEBE2A605BB600D2FB79 /* SendVC.swift */,
				65A6BEAA2A60598400D2FB79 /* HomeVC.swift */,
				65A6BEBC2A605B0B00D2FB79 /* TabBarVC.swift */,
				65A6BEC02A605BC700D2FB79 /* HistoryVC.swift */,
				65A6BEC22A605BD200D2FB79 /* ScheduleVC.swift */,
			);
			path = Controllers;
			sourceTree = "<group>";
		};
		65A6BEC52A605C3100D2FB79 /* Helpers */ = {
			isa = PBXGroup;
			children = (
				65A6BEC62A605C3F00D2FB79 /* Helpers.swift */,
			);
			path = Helpers;
			sourceTree = "<group>";
		};
		65A6BECA2A60609300D2FB79 /* Cells */ = {
			isa = PBXGroup;
			children = (
				65A6BECC2A60625F00D2FB79 /* TransactionCell.swift */,
			);
			path = Cells;
			sourceTree = "<group>";
		};
		65A6BECB2A60609800D2FB79 /* Views */ = {
			isa = PBXGroup;
			children = (
				65F77C7F2A60773B00663218 /* StatusView.swift */,
			);
			path = Views;
			sourceTree = "<group>";
		};
		65F77C7C2A60753000663218 /* Extensions */ = {
			isa = PBXGroup;
			children = (
				65F77C7D2A60754100663218 /* UIColor+Ext.swift */,
			);
			path = Extensions;
			sourceTree = "<group>";
		};
/* End PBXGroup section */

/* Begin PBXNativeTarget section */
		65A6BEA22A60598400D2FB79 /* hubtel-coding-challenge-repo */ = {
			isa = PBXNativeTarget;
			buildConfigurationList = 65A6BEB72A60598A00D2FB79 /* Build configuration list for PBXNativeTarget "hubtel-coding-challenge-repo" */;
			buildPhases = (
				65A6BE9F2A60598400D2FB79 /* Sources */,
				65A6BEA02A60598400D2FB79 /* Frameworks */,
				65A6BEA12A60598400D2FB79 /* Resources */,
			);
			buildRules = (
			);
			dependencies = (
			);
			name = "hubtel-coding-challenge-repo";
			productName = "hubtel-coding-challenge-repo";
			productReference = 65A6BEA32A60598400D2FB79 /* hubtel-coding-challenge-repo.app */;
			productType = "com.apple.product-type.application";
		};
/* End PBXNativeTarget section */

/* Begin PBXProject section */
		65A6BE9B2A60598400D2FB79 /* Project object */ = {
			isa = PBXProject;
			attributes = {
				BuildIndependentTargetsInParallel = 1;
				LastSwiftUpdateCheck = 1430;
				LastUpgradeCheck = 1430;
				TargetAttributes = {
					65A6BEA22A60598400D2FB79 = {
						CreatedOnToolsVersion = 14.3;
					};
				};
			};
			buildConfigurationList = 65A6BE9E2A60598400D2FB79 /* Build configuration list for PBXProject "hubtel-coding-challenge-repo" */;
			compatibilityVersion = "Xcode 14.0";
			developmentRegion = en;
			hasScannedForEncodings = 0;
			knownRegions = (
				en,
				Base,
			);
			mainGroup = 65A6BE9A2A60598400D2FB79;
			productRefGroup = 65A6BEA42A60598400D2FB79 /* Products */;
			projectDirPath = "";
			projectRoot = "";
			targets = (
				65A6BEA22A60598400D2FB79 /* hubtel-coding-challenge-repo */,
			);
		};
/* End PBXProject section */

/* Begin PBXResourcesBuildPhase section */
		65A6BEA12A60598400D2FB79 /* Resources */ = {
			isa = PBXResourcesBuildPhase;
			buildActionMask = 2147483647;
			files = (
				65A6BEB32A60598A00D2FB79 /* LaunchScreen.storyboard in Resources */,
				65A6BEB02A60598A00D2FB79 /* Assets.xcassets in Resources */,
			);
			runOnlyForDeploymentPostprocessing = 0;
		};
/* End PBXResourcesBuildPhase section */

/* Begin PBXSourcesBuildPhase section */
		65A6BE9F2A60598400D2FB79 /* Sources */ = {
			isa = PBXSourcesBuildPhase;
			buildActionMask = 2147483647;
			files = (
				65A6BEC12A605BC700D2FB79 /* HistoryVC.swift in Sources */,
				65F77C802A60773B00663218 /* StatusView.swift in Sources */,
				65A6BECD2A60625F00D2FB79 /* TransactionCell.swift in Sources */,
				65A6BEC92A605EA400D2FB79 /* Data.swift in Sources */,
				65A6BEC32A605BD200D2FB79 /* ScheduleVC.swift in Sources */,
				65A6BEAB2A60598400D2FB79 /* HomeVC.swift in Sources */,
				6536F1F42A65D3480010255B /* NetworkService.swift in Sources */,
				65A6BEBB2A605A6C00D2FB79 /* LoadingVC.swift in Sources */,
				65A6BEC72A605C3F00D2FB79 /* Helpers.swift in Sources */,
				65A6BEBF2A605BB600D2FB79 /* SendVC.swift in Sources */,
				65A6BEBD2A605B0B00D2FB79 /* TabBarVC.swift in Sources */,
				65F77C7E2A60754100663218 /* UIColor+Ext.swift in Sources */,
				65A6BEA72A60598400D2FB79 /* AppDelegate.swift in Sources */,
				65A6BEA92A60598400D2FB79 /* SceneDelegate.swift in Sources */,
			);
			runOnlyForDeploymentPostprocessing = 0;
		};
/* End PBXSourcesBuildPhase section */

/* Begin PBXVariantGroup section */
		65A6BEB12A60598A00D2FB79 /* LaunchScreen.storyboard */ = {
			isa = PBXVariantGroup;
			children = (
				65A6BEB22A60598A00D2FB79 /* Base */,
			);
			name = LaunchScreen.storyboard;
			sourceTree = "<group>";
		};
/* End PBXVariantGroup section */

/* Begin XCBuildConfiguration section */
		65A6BEB52A60598A00D2FB79 /* Debug */ = {
			isa = XCBuildConfiguration;
			buildSettings = {
				ALWAYS_SEARCH_USER_PATHS = NO;
				CLANG_ANALYZER_NONNULL = YES;
				CLANG_ANALYZER_NUMBER_OBJECT_CONVERSION = YES_AGGRESSIVE;
				CLANG_CXX_LANGUAGE_STANDARD = "gnu++20";
				CLANG_ENABLE_MODULES = YES;
				CLANG_ENABLE_OBJC_ARC = YES;
				CLANG_ENABLE_OBJC_WEAK = YES;
				CLANG_WARN_BLOCK_CAPTURE_AUTORELEASING = YES;
				CLANG_WARN_BOOL_CONVERSION = YES;
				CLANG_WARN_COMMA = YES;
				CLANG_WARN_CONSTANT_CONVERSION = YES;
				CLANG_WARN_DEPRECATED_OBJC_IMPLEMENTATIONS = YES;
				CLANG_WARN_DIRECT_OBJC_ISA_USAGE = YES_ERROR;
				CLANG_WARN_DOCUMENTATION_COMMENTS = YES;
				CLANG_WARN_EMPTY_BODY = YES;
				CLANG_WARN_ENUM_CONVERSION = YES;
				CLANG_WARN_INFINITE_RECURSION = YES;
				CLANG_WARN_INT_CONVERSION = YES;
				CLANG_WARN_NON_LITERAL_NULL_CONVERSION = YES;
				CLANG_WARN_OBJC_IMPLICIT_RETAIN_SELF = YES;
				CLANG_WARN_OBJC_LITERAL_CONVERSION = YES;
				CLANG_WARN_OBJC_ROOT_CLASS = YES_ERROR;
				CLANG_WARN_QUOTED_INCLUDE_IN_FRAMEWORK_HEADER = YES;
				CLANG_WARN_RANGE_LOOP_ANALYSIS = YES;
				CLANG_WARN_STRICT_PROTOTYPES = YES;
				CLANG_WARN_SUSPICIOUS_MOVE = YES;
				CLANG_WARN_UNGUARDED_AVAILABILITY = YES_AGGRESSIVE;
				CLANG_WARN_UNREACHABLE_CODE = YES;
				CLANG_WARN__DUPLICATE_METHOD_MATCH = YES;
				COPY_PHASE_STRIP = NO;
				DEBUG_INFORMATION_FORMAT = dwarf;
				ENABLE_STRICT_OBJC_MSGSEND = YES;
				ENABLE_TESTABILITY = YES;
				GCC_C_LANGUAGE_STANDARD = gnu11;
				GCC_DYNAMIC_NO_PIC = NO;
				GCC_NO_COMMON_BLOCKS = YES;
				GCC_OPTIMIZATION_LEVEL = 0;
				GCC_PREPROCESSOR_DEFINITIONS = (
					"DEBUG=1",
					"$(inherited)",
				);
				GCC_WARN_64_TO_32_BIT_CONVERSION = YES;
				GCC_WARN_ABOUT_RETURN_TYPE = YES_ERROR;
				GCC_WARN_UNDECLARED_SELECTOR = YES;
				GCC_WARN_UNINITIALIZED_AUTOS = YES_AGGRESSIVE;
				GCC_WARN_UNUSED_FUNCTION = YES;
				GCC_WARN_UNUSED_VARIABLE = YES;
				IPHONEOS_DEPLOYMENT_TARGET = 16.4;
				MTL_ENABLE_DEBUG_INFO = INCLUDE_SOURCE;
				MTL_FAST_MATH = YES;
				ONLY_ACTIVE_ARCH = YES;
				SDKROOT = iphoneos;
				SWIFT_ACTIVE_COMPILATION_CONDITIONS = DEBUG;
				SWIFT_OPTIMIZATION_LEVEL = "-Onone";
			};
			name = Debug;
		};
		65A6BEB62A60598A00D2FB79 /* Release */ = {
			isa = XCBuildConfiguration;
			buildSettings = {
				ALWAYS_SEARCH_USER_PATHS = NO;
				CLANG_ANALYZER_NONNULL = YES;
				CLANG_ANALYZER_NUMBER_OBJECT_CONVERSION = YES_AGGRESSIVE;
				CLANG_CXX_LANGUAGE_STANDARD = "gnu++20";
				CLANG_ENABLE_MODULES = YES;
				CLANG_ENABLE_OBJC_ARC = YES;
				CLANG_ENABLE_OBJC_WEAK = YES;
				CLANG_WARN_BLOCK_CAPTURE_AUTORELEASING = YES;
				CLANG_WARN_BOOL_CONVERSION = YES;
				CLANG_WARN_COMMA = YES;
				CLANG_WARN_CONSTANT_CONVERSION = YES;
				CLANG_WARN_DEPRECATED_OBJC_IMPLEMENTATIONS = YES;
				CLANG_WARN_DIRECT_OBJC_ISA_USAGE = YES_ERROR;
				CLANG_WARN_DOCUMENTATION_COMMENTS = YES;
				CLANG_WARN_EMPTY_BODY = YES;
				CLANG_WARN_ENUM_CONVERSION = YES;
				CLANG_WARN_INFINITE_RECURSION = YES;
				CLANG_WARN_INT_CONVERSION = YES;
				CLANG_WARN_NON_LITERAL_NULL_CONVERSION = YES;
				CLANG_WARN_OBJC_IMPLICIT_RETAIN_SELF = YES;
				CLANG_WARN_OBJC_LITERAL_CONVERSION = YES;
				CLANG_WARN_OBJC_ROOT_CLASS = YES_ERROR;
				CLANG_WARN_QUOTED_INCLUDE_IN_FRAMEWORK_HEADER = YES;
				CLANG_WARN_RANGE_LOOP_ANALYSIS = YES;
				CLANG_WARN_STRICT_PROTOTYPES = YES;
				CLANG_WARN_SUSPICIOUS_MOVE = YES;
				CLANG_WARN_UNGUARDED_AVAILABILITY = YES_AGGRESSIVE;
				CLANG_WARN_UNREACHABLE_CODE = YES;
				CLANG_WARN__DUPLICATE_METHOD_MATCH = YES;
				COPY_PHASE_STRIP = NO;
				DEBUG_INFORMATION_FORMAT = "dwarf-with-dsym";
				ENABLE_NS_ASSERTIONS = NO;
				ENABLE_STRICT_OBJC_MSGSEND = YES;
				GCC_C_LANGUAGE_STANDARD = gnu11;
				GCC_NO_COMMON_BLOCKS = YES;
				GCC_WARN_64_TO_32_BIT_CONVERSION = YES;
				GCC_WARN_ABOUT_RETURN_TYPE = YES_ERROR;
				GCC_WARN_UNDECLARED_SELECTOR = YES;
				GCC_WARN_UNINITIALIZED_AUTOS = YES_AGGRESSIVE;
				GCC_WARN_UNUSED_FUNCTION = YES;
				GCC_WARN_UNUSED_VARIABLE = YES;
				IPHONEOS_DEPLOYMENT_TARGET = 16.4;
				MTL_ENABLE_DEBUG_INFO = NO;
				MTL_FAST_MATH = YES;
				SDKROOT = iphoneos;
				SWIFT_COMPILATION_MODE = wholemodule;
				SWIFT_OPTIMIZATION_LEVEL = "-O";
				VALIDATE_PRODUCT = YES;
			};
			name = Release;
		};
		65A6BEB82A60598A00D2FB79 /* Debug */ = {
			isa = XCBuildConfiguration;
			buildSettings = {
				ASSETCATALOG_COMPILER_APPICON_NAME = AppIcon;
				ASSETCATALOG_COMPILER_GLOBAL_ACCENT_COLOR_NAME = AccentColor;
				CODE_SIGN_STYLE = Automatic;
				CURRENT_PROJECT_VERSION = 1;
				DEVELOPMENT_TEAM = 445LZL99JS;
				GENERATE_INFOPLIST_FILE = YES;
				INFOPLIST_FILE = "hubtel-coding-challenge-repo/Info.plist";
				INFOPLIST_KEY_UIApplicationSupportsIndirectInputEvents = YES;
				INFOPLIST_KEY_UILaunchStoryboardName = LaunchScreen;
				INFOPLIST_KEY_UISupportedInterfaceOrientations_iPad = "UIInterfaceOrientationPortrait UIInterfaceOrientationPortraitUpsideDown UIInterfaceOrientationLandscapeLeft UIInterfaceOrientationLandscapeRight";
				INFOPLIST_KEY_UISupportedInterfaceOrientations_iPhone = "UIInterfaceOrientationPortrait UIInterfaceOrientationLandscapeLeft UIInterfaceOrientationLandscapeRight";
				LD_RUNPATH_SEARCH_PATHS = (
					"$(inherited)",
					"@executable_path/Frameworks",
				);
				MARKETING_VERSION = 1.0;
				PRODUCT_BUNDLE_IDENTIFIER = "com.kwameaj67.hubtel-coding-challenge-repo";
				PRODUCT_NAME = "$(TARGET_NAME)";
				SWIFT_EMIT_LOC_STRINGS = YES;
				SWIFT_VERSION = 5.0;
				TARGETED_DEVICE_FAMILY = "1,2";
			};
			name = Debug;
		};
		65A6BEB92A60598A00D2FB79 /* Release */ = {
			isa = XCBuildConfiguration;
			buildSettings = {
				ASSETCATALOG_COMPILER_APPICON_NAME = AppIcon;
				ASSETCATALOG_COMPILER_GLOBAL_ACCENT_COLOR_NAME = AccentColor;
				CODE_SIGN_STYLE = Automatic;
				CURRENT_PROJECT_VERSION = 1;
				DEVELOPMENT_TEAM = 445LZL99JS;
				GENERATE_INFOPLIST_FILE = YES;
				INFOPLIST_FILE = "hubtel-coding-challenge-repo/Info.plist";
				INFOPLIST_KEY_UIApplicationSupportsIndirectInputEvents = YES;
				INFOPLIST_KEY_UILaunchStoryboardName = LaunchScreen;
				INFOPLIST_KEY_UISupportedInterfaceOrientations_iPad = "UIInterfaceOrientationPortrait UIInterfaceOrientationPortraitUpsideDown UIInterfaceOrientationLandscapeLeft UIInterfaceOrientationLandscapeRight";
				INFOPLIST_KEY_UISupportedInterfaceOrientations_iPhone = "UIInterfaceOrientationPortrait UIInterfaceOrientationLandscapeLeft UIInterfaceOrientationLandscapeRight";
				LD_RUNPATH_SEARCH_PATHS = (
					"$(inherited)",
					"@executable_path/Frameworks",
				);
				MARKETING_VERSION = 1.0;
				PRODUCT_BUNDLE_IDENTIFIER = "com.kwameaj67.hubtel-coding-challenge-repo";
				PRODUCT_NAME = "$(TARGET_NAME)";
				SWIFT_EMIT_LOC_STRINGS = YES;
				SWIFT_VERSION = 5.0;
				TARGETED_DEVICE_FAMILY = "1,2";
			};
			name = Release;
		};
/* End XCBuildConfiguration section */

/* Begin XCConfigurationList section */
		65A6BE9E2A60598400D2FB79 /* Build configuration list for PBXProject "hubtel-coding-challenge-repo" */ = {
			isa = XCConfigurationList;
			buildConfigurations = (
				65A6BEB52A60598A00D2FB79 /* Debug */,
				65A6BEB62A60598A00D2FB79 /* Release */,
			);
			defaultConfigurationIsVisible = 0;
			defaultConfigurationName = Release;
		};
		65A6BEB72A60598A00D2FB79 /* Build configuration list for PBXNativeTarget "hubtel-coding-challenge-repo" */ = {
			isa = XCConfigurationList;
			buildConfigurations = (
				65A6BEB82A60598A00D2FB79 /* Debug */,
				65A6BEB92A60598A00D2FB79 /* Release */,
			);
			defaultConfigurationIsVisible = 0;
			defaultConfigurationName = Release;
		};
/* End XCConfigurationList section */
	};
	rootObject = 65A6BE9B2A60598400D2FB79 /* Project object */;
}
